
Microsoft Visual Studio Solution File, Format Version 12.00
# Visual Studio Version 17
VisualStudioVersion = 17.10.35013.160
MinimumVisualStudioVersion = 10.0.40219.1
Project("{FAE04EC0-301F-11D3-BF4B-00C04F79EFBC}") = "ConsoleApp1", "ConsoleApp1\ConsoleApp1.csproj", "{585A1D5A-3928-4ED2-923B-BE6DD59E1C57}"
EndProject
Global
	GlobalSection(SolutionConfigurationPlatforms) = preSolution
		Debug|Any CPU = Debug|Any CPU
		Release|Any CPU = Release|Any CPU
	EndGlobalSection
	GlobalSection(ProjectConfigurationPlatforms) = postSolution
		{585A1D5A-3928-4ED2-923B-BE6DD59E1C57}.Debug|Any CPU.ActiveCfg = Debug|Any CPU
		{585A1D5A-3928-4ED2-923B-BE6DD59E1C57}.Debug|Any CPU.Build.0 = Debug|Any CPU
		{585A1D5A-3928-4ED2-923B-BE6DD59E1C57}.Release|Any CPU.ActiveCfg = Release|Any CPU
		{585A1D5A-3928-4ED2-923B-BE6DD59E1C57}.Release|Any CPU.Build.0 = Release|Any CPU
	EndGlobalSection
	GlobalSection(SolutionProperties) = preSolution
		HideSolutionNode = FALSE
	EndGlobalSection
	GlobalSection(ExtensibilityGlobals) = postSolution
		SolutionGuid = {366EF8E0-68B1-4D93-A3C5-98AB152E3C43}
	EndGlobalSection
EndGlobal
